
Microsoft Visual Studio Solution File, Format Version 12.00
# Visual Studio Version 17
VisualStudioVersion = 17.11.35327.3
MinimumVisualStudioVersion = 10.0.40219.1
Project("{9A19103F-16F7-4668-BE54-9A1E7A4F7556}") = "JustTipConsoleApp", "JustTipConsoleApp\JustTipConsoleApp.csproj", "{031C7EDF-6AE0-4F62-A803-2B416BF87662}"
EndProject
Project("{FAE04EC0-301F-11D3-BF4B-00C04F79EFBC}") = "JustTipTest", "JustTipTest\JustTipTest.csproj", "{2F6BB23A-B942-43BF-B99F-675D635F995A}"
EndProject
Global
	GlobalSection(SolutionConfigurationPlatforms) = preSolution
		Debug|Any CPU = Debug|Any CPU
		Release|Any CPU = Release|Any CPU
	EndGlobalSection
	GlobalSection(ProjectConfigurationPlatforms) = postSolution
		{031C7EDF-6AE0-4F62-A803-2B416BF87662}.Debug|Any CPU.ActiveCfg = Debug|Any CPU
		{031C7EDF-6AE0-4F62-A803-2B416BF87662}.Debug|Any CPU.Build.0 = Debug|Any CPU
		{031C7EDF-6AE0-4F62-A803-2B416BF87662}.Release|Any CPU.ActiveCfg = Release|Any CPU
		{031C7EDF-6AE0-4F62-A803-2B416BF87662}.Release|Any CPU.Build.0 = Release|Any CPU
		{2F6BB23A-B942-43BF-B99F-675D635F995A}.Debug|Any CPU.ActiveCfg = Debug|Any CPU
		{2F6BB23A-B942-43BF-B99F-675D635F995A}.Debug|Any CPU.Build.0 = Debug|Any CPU
		{2F6BB23A-B942-43BF-B99F-675D635F995A}.Release|Any CPU.ActiveCfg = Release|Any CPU
		{2F6BB23A-B942-43BF-B99F-675D635F995A}.Release|Any CPU.Build.0 = Release|Any CPU
	EndGlobalSection
	GlobalSection(SolutionProperties) = preSolution
		HideSolutionNode = FALSE
	EndGlobalSection
	GlobalSection(ExtensibilityGlobals) = postSolution
		SolutionGuid = {45DBDAA7-E2B5-4429-B27F-E8D862DBB700}
	EndGlobalSection
EndGlobal
